// !$*UTF8*$!
{
	archiveVersion = 1;
	classes = {
	};
	objectVersion = 46;
	objects = {

/* Begin PBXBuildFile section */
		8A078BEA1D629AB9008C71EF /* AppDelegate.swift in Sources */ = {isa = PBXBuildFile; fileRef = 8A078BE91D629AB9008C71EF /* AppDelegate.swift */; };
		8A078BF11D629AB9008C71EF /* Main.storyboard in Resources */ = {isa = PBXBuildFile; fileRef = 8A078BEF1D629AB9008C71EF /* Main.storyboard */; };
		8A078BF31D629AB9008C71EF /* Assets.xcassets in Resources */ = {isa = PBXBuildFile; fileRef = 8A078BF21D629AB9008C71EF /* Assets.xcassets */; };
		8A078BF61D629AB9008C71EF /* LaunchScreen.storyboard in Resources */ = {isa = PBXBuildFile; fileRef = 8A078BF41D629AB9008C71EF /* LaunchScreen.storyboard */; };
		8A078C011D629E5F008C71EF /* RecommendItemsViewController.swift in Sources */ = {isa = PBXBuildFile; fileRef = 8A078C001D629E5F008C71EF /* RecommendItemsViewController.swift */; };
		8A078C031D62A48A008C71EF /* RecommendItemCell.swift in Sources */ = {isa = PBXBuildFile; fileRef = 8A078C021D62A48A008C71EF /* RecommendItemCell.swift */; };
/* End PBXBuildFile section */

/* Begin PBXFileReference section */
		8A078BE61D629AB9008C71EF /* Market.app */ = {isa = PBXFileReference; explicitFileType = wrapper.application; includeInIndex = 0; path = Market.app; sourceTree = BUILT_PRODUCTS_DIR; };
		8A078BE91D629AB9008C71EF /* AppDelegate.swift */ = {isa = PBXFileReference; lastKnownFileType = sourcecode.swift; path = AppDelegate.swift; sourceTree = "<group>"; };
		8A078BF01D629AB9008C71EF /* Base */ = {isa = PBXFileReference; lastKnownFileType = file.storyboard; name = Base; path = Base.lproj/Main.storyboard; sourceTree = "<group>"; };
		8A078BF21D629AB9008C71EF /* Assets.xcassets */ = {isa = PBXFileReference; lastKnownFileType = folder.assetcatalog; path = Assets.xcassets; sourceTree = "<group>"; };
		8A078BF51D629AB9008C71EF /* Base */ = {isa = PBXFileReference; lastKnownFileType = file.storyboard; name = Base; path = Base.lproj/LaunchScreen.storyboard; sourceTree = "<group>"; };
		8A078BF71D629AB9008C71EF /* Info.plist */ = {isa = PBXFileReference; lastKnownFileType = text.plist.xml; path = Info.plist; sourceTree = "<group>"; };
		8A078C001D629E5F008C71EF /* RecommendItemsViewController.swift */ = {isa = PBXFileReference; fileEncoding = 4; lastKnownFileType = sourcecode.swift; path = RecommendItemsViewController.swift; sourceTree = "<group>"; };
		8A078C021D62A48A008C71EF /* RecommendItemCell.swift */ = {isa = PBXFileReference; fileEncoding = 4; lastKnownFileType = sourcecode.swift; path = RecommendItemCell.swift; sourceTree = "<group>"; };
/* End PBXFileReference section */

/* Begin PBXFrameworksBuildPhase section */
		8A078BE31D629AB9008C71EF /* Frameworks */ = {
			isa = PBXFrameworksBuildPhase;
			buildActionMask = 2147483647;
			files = (
			);
			runOnlyForDeploymentPostprocessing = 0;
		};
/* End PBXFrameworksBuildPhase section */

/* Begin PBXGroup section */
		8A078BDD1D629AB9008C71EF = {
			isa = PBXGroup;
			children = (
				8A078BE81D629AB9008C71EF /* Market */,
				8A078BE71D629AB9008C71EF /* Products */,
			);
			sourceTree = "<group>";
		};
		8A078BE71D629AB9008C71EF /* Products */ = {
			isa = PBXGroup;
			children = (
				8A078BE61D629AB9008C71EF /* Market.app */,
			);
			name = Products;
			sourceTree = "<group>";
		};
		8A078BE81D629AB9008C71EF /* Market */ = {
			isa = PBXGroup;
			children = (
				8A078BFD1D629B2F008C71EF /* Model */,
				8A078BFE1D629B3B008C71EF /* View */,
				8A078BFF1D629B40008C71EF /* ViewController */,
				8A078BE91D629AB9008C71EF /* AppDelegate.swift */,
				8A078BEF1D629AB9008C71EF /* Main.storyboard */,
				8A078BF21D629AB9008C71EF /* Assets.xcassets */,
				8A078BF41D629AB9008C71EF /* LaunchScreen.storyboard */,
				8A078BF71D629AB9008C71EF /* Info.plist */,
			);
			path = Market;
			sourceTree = "<group>";
		};
		8A078BFD1D629B2F008C71EF /* Model */ = {
			isa = PBXGroup;
			children = (
			);
			path = Model;
			sourceTree = "<group>";
		};
		8A078BFE1D629B3B008C71EF /* View */ = {
			isa = PBXGroup;
			children = (
				8A078C021D62A48A008C71EF /* RecommendItemCell.swift */,
			);
			path = View;
			sourceTree = "<group>";
		};
		8A078BFF1D629B40008C71EF /* ViewController */ = {
			isa = PBXGroup;
			children = (
				8A078C001D629E5F008C71EF /* RecommendItemsViewController.swift */,
			);
			path = ViewController;
			sourceTree = "<group>";
		};
/* End PBXGroup section */

/* Begin PBXNativeTarget section */
		8A078BE51D629AB9008C71EF /* Market */ = {
			isa = PBXNativeTarget;
			buildConfigurationList = 8A078BFA1D629AB9008C71EF /* Build configuration list for PBXNativeTarget "Market" */;
			buildPhases = (
				8A078BE21D629AB9008C71EF /* Sources */,
				8A078BE31D629AB9008C71EF /* Frameworks */,
				8A078BE41D629AB9008C71EF /* Resources */,
			);
			buildRules = (
			);
			dependencies = (
			);
			name = Market;
			productName = Market;
			productReference = 8A078BE61D629AB9008C71EF /* Market.app */;
			productType = "com.apple.product-type.application";
		};
/* End PBXNativeTarget section */

/* Begin PBXProject section */
		8A078BDE1D629AB9008C71EF /* Project object */ = {
			isa = PBXProject;
			attributes = {
				LastSwiftUpdateCheck = 0730;
				LastUpgradeCheck = 0730;
				ORGANIZATIONNAME = "COOKPAD inc,";
				TargetAttributes = {
					8A078BE51D629AB9008C71EF = {
						CreatedOnToolsVersion = 7.3.1;
					};
				};
			};
			buildConfigurationList = 8A078BE11D629AB9008C71EF /* Build configuration list for PBXProject "Market" */;
			compatibilityVersion = "Xcode 3.2";
			developmentRegion = English;
			hasScannedForEncodings = 0;
			knownRegions = (
				en,
				Base,
			);
			mainGroup = 8A078BDD1D629AB9008C71EF;
			productRefGroup = 8A078BE71D629AB9008C71EF /* Products */;
			projectDirPath = "";
			projectRoot = "";
			targets = (
				8A078BE51D629AB9008C71EF /* Market */,
			);
		};
/* End PBXProject section */

/* Begin PBXResourcesBuildPhase section */
		8A078BE41D629AB9008C71EF /* Resources */ = {
			isa = PBXResourcesBuildPhase;
			buildActionMask = 2147483647;
			files = (
				8A078BF61D629AB9008C71EF /* LaunchScreen.storyboard in Resources */,
				8A078BF31D629AB9008C71EF /* Assets.xcassets in Resources */,
				8A078BF11D629AB9008C71EF /* Main.storyboard in Resources */,
			);
			runOnlyForDeploymentPostprocessing = 0;
		};
/* End PBXResourcesBuildPhase section */

/* Begin PBXSourcesBuildPhase section */
		8A078BE21D629AB9008C71EF /* Sources */ = {
			isa = PBXSourcesBuildPhase;
			buildActionMask = 2147483647;
			files = (
				8A078C031D62A48A008C71EF /* RecommendItemCell.swift in Sources */,
				8A078BEA1D629AB9008C71EF /* AppDelegate.swift in Sources */,
				8A078C011D629E5F008C71EF /* RecommendItemsViewController.swift in Sources */,
			);
			runOnlyForDeploymentPostprocessing = 0;
		};
/* End PBXSourcesBuildPhase section */

/* Begin PBXVariantGroup section */
		8A078BEF1D629AB9008C71EF /* Main.storyboard */ = {
			isa = PBXVariantGroup;
			children = (
				8A078BF01D629AB9008C71EF /* Base */,
			);
			name = Main.storyboard;
			sourceTree = "<group>";
		};
		8A078BF41D629AB9008C71EF /* LaunchScreen.storyboard */ = {
			isa = PBXVariantGroup;
			children = (
				8A078BF51D629AB9008C71EF /* Base */,
			);
			name = LaunchScreen.storyboard;
			sourceTree = "<group>";
		};
/* End PBXVariantGroup section */

/* Begin XCBuildConfiguration section */
		8A078BF81D629AB9008C71EF /* Debug */ = {
			isa = XCBuildConfiguration;
			buildSettings = {
				ALWAYS_SEARCH_USER_PATHS = NO;
				CLANG_ANALYZER_NONNULL = YES;
				CLANG_CXX_LANGUAGE_STANDARD = "gnu++0x";
				CLANG_CXX_LIBRARY = "libc++";
				CLANG_ENABLE_MODULES = YES;
				CLANG_ENABLE_OBJC_ARC = YES;
				CLANG_WARN_BOOL_CONVERSION = YES;
				CLANG_WARN_CONSTANT_CONVERSION = YES;
				CLANG_WARN_DIRECT_OBJC_ISA_USAGE = YES_ERROR;
				CLANG_WARN_EMPTY_BODY = YES;
				CLANG_WARN_ENUM_CONVERSION = YES;
				CLANG_WARN_INT_CONVERSION = YES;
				CLANG_WARN_OBJC_ROOT_CLASS = YES_ERROR;
				CLANG_WARN_UNREACHABLE_CODE = YES;
				CLANG_WARN__DUPLICATE_METHOD_MATCH = YES;
				"CODE_SIGN_IDENTITY[sdk=iphoneos*]" = "iPhone Developer";
				COPY_PHASE_STRIP = NO;
				DEBUG_INFORMATION_FORMAT = dwarf;
				ENABLE_STRICT_OBJC_MSGSEND = YES;
				ENABLE_TESTABILITY = YES;
				GCC_C_LANGUAGE_STANDARD = gnu99;
				GCC_DYNAMIC_NO_PIC = NO;
				GCC_NO_COMMON_BLOCKS = YES;
				GCC_OPTIMIZATION_LEVEL = 0;
				GCC_PREPROCESSOR_DEFINITIONS = (
					"DEBUG=1",
					"$(inherited)",
				);
				GCC_WARN_64_TO_32_BIT_CONVERSION = YES;
				GCC_WARN_ABOUT_RETURN_TYPE = YES_ERROR;
				GCC_WARN_UNDECLARED_SELECTOR = YES;
				GCC_WARN_UNINITIALIZED_AUTOS = YES_AGGRESSIVE;
				GCC_WARN_UNUSED_FUNCTION = YES;
				GCC_WARN_UNUSED_VARIABLE = YES;
				IPHONEOS_DEPLOYMENT_TARGET = 9.3;
				MTL_ENABLE_DEBUG_INFO = YES;
				ONLY_ACTIVE_ARCH = YES;
				SDKROOT = iphoneos;
				SWIFT_OPTIMIZATION_LEVEL = "-Onone";
				TARGETED_DEVICE_FAMILY = "1,2";
			};
			name = Debug;
		};
		8A078BF91D629AB9008C71EF /* Release */ = {
			isa = XCBuildConfiguration;
			buildSettings = {
				ALWAYS_SEARCH_USER_PATHS = NO;
				CLANG_ANALYZER_NONNULL = YES;
				CLANG_CXX_LANGUAGE_STANDARD = "gnu++0x";
				CLANG_CXX_LIBRARY = "libc++";
				CLANG_ENABLE_MODULES = YES;
				CLANG_ENABLE_OBJC_ARC = YES;
				CLANG_WARN_BOOL_CONVERSION = YES;
				CLANG_WARN_CONSTANT_CONVERSION = YES;
				CLANG_WARN_DIRECT_OBJC_ISA_USAGE = YES_ERROR;
				CLANG_WARN_EMPTY_BODY = YES;
				CLANG_WARN_ENUM_CONVERSION = YES;
				CLANG_WARN_INT_CONVERSION = YES;
				CLANG_WARN_OBJC_ROOT_CLASS = YES_ERROR;
				CLANG_WARN_UNREACHABLE_CODE = YES;
				CLANG_WARN__DUPLICATE_METHOD_MATCH = YES;
				"CODE_SIGN_IDENTITY[sdk=iphoneos*]" = "iPhone Developer";
				COPY_PHASE_STRIP = NO;
				DEBUG_INFORMATION_FORMAT = "dwarf-with-dsym";
				ENABLE_NS_ASSERTIONS = NO;
				ENABLE_STRICT_OBJC_MSGSEND = YES;
				GCC_C_LANGUAGE_STANDARD = gnu99;
				GCC_NO_COMMON_BLOCKS = YES;
				GCC_WARN_64_TO_32_BIT_CONVERSION = YES;
				GCC_WARN_ABOUT_RETURN_TYPE = YES_ERROR;
				GCC_WARN_UNDECLARED_SELECTOR = YES;
				GCC_WARN_UNINITIALIZED_AUTOS = YES_AGGRESSIVE;
				GCC_WARN_UNUSED_FUNCTION = YES;
				GCC_WARN_UNUSED_VARIABLE = YES;
				IPHONEOS_DEPLOYMENT_TARGET = 9.3;
				MTL_ENABLE_DEBUG_INFO = NO;
				SDKROOT = iphoneos;
				TARGETED_DEVICE_FAMILY = "1,2";
				VALIDATE_PRODUCT = YES;
			};
			name = Release;
		};
		8A078BFB1D629AB9008C71EF /* Debug */ = {
			isa = XCBuildConfiguration;
			buildSettings = {
				ASSETCATALOG_COMPILER_APPICON_NAME = AppIcon;
				INFOPLIST_FILE = Market/Info.plist;
				LD_RUNPATH_SEARCH_PATHS = "$(inherited) @executable_path/Frameworks";
				PRODUCT_BUNDLE_IDENTIFIER = com.cookpad.ios.Market;
				PRODUCT_NAME = "$(TARGET_NAME)";
			};
			name = Debug;
		};
		8A078BFC1D629AB9008C71EF /* Release */ = {
			isa = XCBuildConfiguration;
			buildSettings = {
				ASSETCATALOG_COMPILER_APPICON_NAME = AppIcon;
				INFOPLIST_FILE = Market/Info.plist;
				LD_RUNPATH_SEARCH_PATHS = "$(inherited) @executable_path/Frameworks";
				PRODUCT_BUNDLE_IDENTIFIER = com.cookpad.ios.Market;
				PRODUCT_NAME = "$(TARGET_NAME)";
			};
			name = Release;
		};
/* End XCBuildConfiguration section */

/* Begin XCConfigurationList section */
		8A078BE11D629AB9008C71EF /* Build configuration list for PBXProject "Market" */ = {
			isa = XCConfigurationList;
			buildConfigurations = (
				8A078BF81D629AB9008C71EF /* Debug */,
				8A078BF91D629AB9008C71EF /* Release */,
			);
			defaultConfigurationIsVisible = 0;
			defaultConfigurationName = Release;
		};
		8A078BFA1D629AB9008C71EF /* Build configuration list for PBXNativeTarget "Market" */ = {
			isa = XCConfigurationList;
			buildConfigurations = (
				8A078BFB1D629AB9008C71EF /* Debug */,
				8A078BFC1D629AB9008C71EF /* Release */,
			);
			defaultConfigurationIsVisible = 0;
		};
/* End XCConfigurationList section */
	};
	rootObject = 8A078BDE1D629AB9008C71EF /* Project object */;
}
